
Microsoft Visual Studio Solution File, Format Version 12.00
# Visual Studio Version 17
VisualStudioVersion = 17.11.35327.3
MinimumVisualStudioVersion = 10.0.40219.1
Project("{FAE04EC0-301F-11D3-BF4B-00C04F79EFBC}") = "FluentParsing", "FluentParsing.csproj", "{6EABACFD-7E8A-4364-9D00-64DC49FBF6FE}"
EndProject
Project("{FAE04EC0-301F-11D3-BF4B-00C04F79EFBC}") = "FluentParsing.Tests", "..\FluentParsing.Tests\FluentParsing.Tests.csproj", "{917E1029-2C79-46A6-A454-44A06ADA0C7A}"
EndProject
Global
	GlobalSection(SolutionConfigurationPlatforms) = preSolution
		Debug|Any CPU = Debug|Any CPU
		Release|Any CPU = Release|Any CPU
	EndGlobalSection
	GlobalSection(ProjectConfigurationPlatforms) = postSolution
		{6EABACFD-7E8A-4364-9D00-64DC49FBF6FE}.Debug|Any CPU.ActiveCfg = Debug|Any CPU
		{6EABACFD-7E8A-4364-9D00-64DC49FBF6FE}.Debug|Any CPU.Build.0 = Debug|Any CPU
		{6EABACFD-7E8A-4364-9D00-64DC49FBF6FE}.Release|Any CPU.ActiveCfg = Release|Any CPU
		{6EABACFD-7E8A-4364-9D00-64DC49FBF6FE}.Release|Any CPU.Build.0 = Release|Any CPU
		{917E1029-2C79-46A6-A454-44A06ADA0C7A}.Debug|Any CPU.ActiveCfg = Debug|Any CPU
		{917E1029-2C79-46A6-A454-44A06ADA0C7A}.Debug|Any CPU.Build.0 = Debug|Any CPU
		{917E1029-2C79-46A6-A454-44A06ADA0C7A}.Release|Any CPU.ActiveCfg = Release|Any CPU
		{917E1029-2C79-46A6-A454-44A06ADA0C7A}.Release|Any CPU.Build.0 = Release|Any CPU
	EndGlobalSection
	GlobalSection(SolutionProperties) = preSolution
		HideSolutionNode = FALSE
	EndGlobalSection
	GlobalSection(ExtensibilityGlobals) = postSolution
		SolutionGuid = {1BAF1AFE-BEED-46B8-986F-1FD93C2264BA}
	EndGlobalSection
EndGlobal
